
Microsoft Visual Studio Solution File, Format Version 12.00
# Visual Studio Version 16
VisualStudioVersion = 16.0.31424.327
MinimumVisualStudioVersion = 10.0.40219.1
Project("{FAE04EC0-301F-11D3-BF4B-00C04F79EFBC}") = "Kolokwium_S20226", "Kolokwium_S20226.csproj", "{6F5B59A5-70CB-4363-B6B2-1DBFD56BF625}"
EndProject
Global
	GlobalSection(SolutionConfigurationPlatforms) = preSolution
		Debug|Any CPU = Debug|Any CPU
		Release|Any CPU = Release|Any CPU
	EndGlobalSection
	GlobalSection(ProjectConfigurationPlatforms) = postSolution
		{6F5B59A5-70CB-4363-B6B2-1DBFD56BF625}.Debug|Any CPU.ActiveCfg = Debug|Any CPU
		{6F5B59A5-70CB-4363-B6B2-1DBFD56BF625}.Debug|Any CPU.Build.0 = Debug|Any CPU
		{6F5B59A5-70CB-4363-B6B2-1DBFD56BF625}.Release|Any CPU.ActiveCfg = Release|Any CPU
		{6F5B59A5-70CB-4363-B6B2-1DBFD56BF625}.Release|Any CPU.Build.0 = Release|Any CPU
	EndGlobalSection
	GlobalSection(SolutionProperties) = preSolution
		HideSolutionNode = FALSE
	EndGlobalSection
	GlobalSection(ExtensibilityGlobals) = postSolution
		SolutionGuid = {55888D0D-49A4-417F-A8C2-CD6A5FE9FAB2}
	EndGlobalSection
EndGlobal
